<?xml version="1.0" encoding="utf-8"?>
<Project ToolsVersion="4.0" xmlns="http://schemas.microsoft.com/developer/msbuild/2003">
  <ItemGroup>
    <Filter Include="Source Files">
      <UniqueIdentifier>{4FC737F1-C7A5-4376-A066-2A32D752A2FF}</UniqueIdentifier>
      <Extensions>cpp;c;cc;cxx;c++;cppm;ixx;def;odl;idl;hpj;bat;asm;asmx</Extensions>
    </Filter>
    <Filter Include="Header Files">
      <UniqueIdentifier>{93995380-89BD-4b04-88EB-625FBE52EBFB}</UniqueIdentifier>
      <Extensions>h;hh;hpp;hxx;h++;hm;inl;inc;ipp;xsd</Extensions>
    </Filter>
    <Filter Include="Resource Files">
      <UniqueIdentifier>{67DA6AB6-F800-4c08-8B7A-83BB121AAD01}</UniqueIdentifier>
      <Extensions>rc;ico;cur;bmp;dlg;rc2;rct;bin;rgs;gif;jpg;jpeg;jpe;resx;tiff;tif;png;wav;mfcribbon-ms</Extensions>
    </Filter>
  </ItemGroup>
  <ItemGroup>
    <ClCompile Include="..\..\..\..\Downloads\Minesweeper-Game-master-Copy\Minesweeper-Game-master - Copy\Minesweeper-Game-master\AdvBoard.cpp">
      <Filter>Source Files</Filter>
    </ClCompile>
    <ClCompile Include="..\..\..\..\Downloads\Minesweeper-Game-master-Copy\Minesweeper-Game-master - Copy\Minesweeper-Game-master\AdvSqaureRules.cpp">
      <Filter>Source Files</Filter>
    </ClCompile>
    <ClCompile Include="..\..\..\..\Downloads\Minesweeper-Game-master-Copy\Minesweeper-Game-master - Copy\Minesweeper-Game-master\AdvSquareBuilder.cpp">
      <Filter>Source Files</Filter>
    </ClCompile>
    <ClCompile Include="..\..\..\..\Downloads\Minesweeper-Game-master-Copy\Minesweeper-Game-master - Copy\Minesweeper-Game-master\Board.cpp">
      <Filter>Source Files</Filter>
    </ClCompile>
    <ClCompile Include="..\..\..\..\Downloads\Minesweeper-Game-master-Copy\Minesweeper-Game-master - Copy\Minesweeper-Game-master\SquareTile.cpp">
      <Filter>Source Files</Filter>
    </ClCompile>
    <ClCompile Include="..\..\..\..\Downloads\Minesweeper-Game-master-Copy\Minesweeper-Game-master - Copy\Minesweeper-Game-master\Tile.cpp">
      <Filter>Source Files</Filter>
    </ClCompile>
    <ClCompile Include="..\..\..\..\Downloads\Minesweeper-Game-master-Copy\Minesweeper-Game-master - Copy\Minesweeper-Game-master\Game.cpp">
      <Filter>Source Files</Filter>
    </ClCompile>
    <ClCompile Include="..\..\..\..\Downloads\Minesweeper-Game-master-Copy\Minesweeper-Game-master - Copy\Minesweeper-Game-master\GameEngineer.cpp">
      <Filter>Source Files</Filter>
    </ClCompile>
    <ClCompile Include="..\..\..\..\Downloads\Minesweeper-Game-master-Copy\Minesweeper-Game-master - Copy\Minesweeper-Game-master\Generate.cpp">
      <Filter>Source Files</Filter>
    </ClCompile>
    <ClCompile Include="..\..\..\..\Downloads\Minesweeper-Game-master-Copy\Minesweeper-Game-master - Copy\Minesweeper-Game-master\MediumBoard.cpp">
      <Filter>Source Files</Filter>
    </ClCompile>
    <ClCompile Include="..\..\..\..\Downloads\Minesweeper-Game-master-Copy\Minesweeper-Game-master - Copy\Minesweeper-Game-master\MediumSquareBuilder.cpp">
      <Filter>Source Files</Filter>
    </ClCompile>
    <ClCompile Include="..\..\..\..\Downloads\Minesweeper-Game-master-Copy\Minesweeper-Game-master - Copy\Minesweeper-Game-master\MediumSquareRules.cpp">
      <Filter>Source Files</Filter>
    </ClCompile>
    <ClCompile Include="..\..\..\..\Downloads\Minesweeper-Game-master-Copy\Minesweeper-Game-master - Copy\Minesweeper-Game-master\Minesweeper.cpp">
      <Filter>Source Files</Filter>
    </ClCompile>
    <ClCompile Include="..\..\..\..\Downloads\Minesweeper-Game-master-Copy\Minesweeper-Game-master - Copy\Minesweeper-Game-master\PlannedGeneration.cpp">
      <Filter>Source Files</Filter>
    </ClCompile>
    <ClCompile Include="..\..\..\..\Downloads\Minesweeper-Game-master-Copy\Minesweeper-Game-master - Copy\Minesweeper-Game-master\RandomGeneration.cpp">
      <Filter>Source Files</Filter>
    </ClCompile>
    <ClCompile Include="..\..\..\..\Downloads\Minesweeper-Game-master-Copy\Minesweeper-Game-master - Copy\Minesweeper-Game-master\Rules.cpp">
      <Filter>Source Files</Filter>
    </ClCompile>
    <ClCompile Include="..\..\..\..\Downloads\Minesweeper-Game-master-Copy\Minesweeper-Game-master - Copy\Minesweeper-Game-master\SimpleBoard.cpp">
      <Filter>Source Files</Filter>
    </ClCompile>
    <ClCompile Include="..\..\..\..\Downloads\Minesweeper-Game-master-Copy\Minesweeper-Game-master - Copy\Minesweeper-Game-master\SimpleSquareBuilder.cpp">
      <Filter>Source Files</Filter>
    </ClCompile>
    <ClCompile Include="..\..\..\..\Downloads\Minesweeper-Game-master-Copy\Minesweeper-Game-master - Copy\Minesweeper-Game-master\SimpleSquareRules.cpp">
      <Filter>Source Files</Filter>
    </ClCompile>
    <ClCompile Include="..\..\..\..\Downloads\Minesweeper-Game-master-Copy\Minesweeper-Game-master - Copy\Minesweeper-Game-master\SquareBoard.cpp">
      <Filter>Source Files</Filter>
    </ClCompile>
    <ClCompile Include="..\..\..\..\Downloads\Minesweeper-Game-master-Copy\Minesweeper-Game-master - Copy\Minesweeper-Game-master\SquareRules.cpp">
      <Filter>Source Files</Filter>
    </ClCompile>
  </ItemGroup>
  <ItemGroup>
    <ClInclude Include="..\..\..\..\Downloads\Minesweeper-Game-master-Copy\Minesweeper-Game-master - Copy\Minesweeper-Game-master\SquareRules.h">
      <Filter>Header Files</Filter>
    </ClInclude>
    <ClInclude Include="..\..\..\..\Downloads\Minesweeper-Game-master-Copy\Minesweeper-Game-master - Copy\Minesweeper-Game-master\SquareTile.h">
      <Filter>Header Files</Filter>
    </ClInclude>
    <ClInclude Include="..\..\..\..\Downloads\Minesweeper-Game-master-Copy\Minesweeper-Game-master - Copy\Minesweeper-Game-master\Tile.h">
      <Filter>Header Files</Filter>
    </ClInclude>
    <ClInclude Include="..\..\..\..\Downloads\Minesweeper-Game-master-Copy\Minesweeper-Game-master - Copy\Minesweeper-Game-master\AdvSquareRules.h">
      <Filter>Header Files</Filter>
    </ClInclude>
    <ClInclude Include="..\..\..\..\Downloads\Minesweeper-Game-master-Copy\Minesweeper-Game-master - Copy\Minesweeper-Game-master\Board.h">
      <Filter>Header Files</Filter>
    </ClInclude>
    <ClInclude Include="..\..\..\..\Downloads\Minesweeper-Game-master-Copy\Minesweeper-Game-master - Copy\Minesweeper-Game-master\Game.h">
      <Filter>Header Files</Filter>
    </ClInclude>
    <ClInclude Include="..\..\..\..\Downloads\Minesweeper-Game-master-Copy\Minesweeper-Game-master - Copy\Minesweeper-Game-master\GameBuilder.h">
      <Filter>Header Files</Filter>
    </ClInclude>
    <ClInclude Include="..\..\..\..\Downloads\Minesweeper-Game-master-Copy\Minesweeper-Game-master - Copy\Minesweeper-Game-master\Generate.h">
      <Filter>Header Files</Filter>
    </ClInclude>
    <ClInclude Include="..\..\..\..\Downloads\Minesweeper-Game-master-Copy\Minesweeper-Game-master - Copy\Minesweeper-Game-master\MediumSquareRules.h">
      <Filter>Header Files</Filter>
    </ClInclude>
    <ClInclude Include="..\..\..\..\Downloads\Minesweeper-Game-master-Copy\Minesweeper-Game-master - Copy\Minesweeper-Game-master\PlannedGeneration.h">
      <Filter>Header Files</Filter>
    </ClInclude>
    <ClInclude Include="..\..\..\..\Downloads\Minesweeper-Game-master-Copy\Minesweeper-Game-master - Copy\Minesweeper-Game-master\RandomGeneration.h">
      <Filter>Header Files</Filter>
    </ClInclude>
    <ClInclude Include="..\..\..\..\Downloads\Minesweeper-Game-master-Copy\Minesweeper-Game-master - Copy\Minesweeper-Game-master\Rules.h">
      <Filter>Header Files</Filter>
    </ClInclude>
    <ClInclude Include="..\..\..\..\Downloads\Minesweeper-Game-master-Copy\Minesweeper-Game-master - Copy\Minesweeper-Game-master\SimpleSquareRules.h">
      <Filter>Header Files</Filter>
    </ClInclude>
    <ClInclude Include="..\..\..\..\Downloads\Minesweeper-Game-master-Copy\Minesweeper-Game-master - Copy\Minesweeper-Game-master\SquareBoard.h">
      <Filter>Header Files</Filter>
    </ClInclude>
    <ClInclude Include="..\..\..\..\Downloads\Minesweeper-Game-master-Copy\Minesweeper-Game-master - Copy\Minesweeper-Game-master\phase1.h">
      <Filter>Header Files</Filter>
    </ClInclude>
  </ItemGroup>
  <ItemGroup>
    <Text Include="..\..\..\..\Downloads\Minesweeper-Game-master-Copy\Minesweeper-Game-master - Copy\Minesweeper-Game-master\CMakeLists.txt">
      <Filter>Resource Files</Filter>
    </Text>
  </ItemGroup>
  <ItemGroup>
    <Image Include="..\..\..\..\Downloads\Minesweeper-Game-master-Copy\Minesweeper-Game-master - Copy\Minesweeper-Game-master\Minesweeper_game.png">
      <Filter>Resource Files</Filter>
    </Image>
  </ItemGroup>
</Project>